
Microsoft Visual Studio Solution File, Format Version 12.00
# Visual Studio Version 17
VisualStudioVersion = 17.0.31903.59
MinimumVisualStudioVersion = 10.0.40219.1
Project("{2150E333-8FDC-42A3-9474-1A3956D46DE8}") = "application", "application", "{A74F262E-BDE7-D5D2-89E9-785413424D0A}"
EndProject
Project("{2150E333-8FDC-42A3-9474-1A3956D46DE8}") = "domain", "domain", "{996CEBED-A05B-5D42-3FF0-982E087A2599}"
EndProject
Project("{2150E333-8FDC-42A3-9474-1A3956D46DE8}") = "infraestructure", "infraestructure", "{5F2D6C5E-958A-53A0-F165-1DE2881DEE8D}"
EndProject
Project("{2150E333-8FDC-42A3-9474-1A3956D46DE8}") = "dto", "dto", "{D61DF10A-4CD5-1206-F6C7-F3B8F9BD3BE3}"
EndProject
Project("{2150E333-8FDC-42A3-9474-1A3956D46DE8}") = "use-case", "use-case", "{4F66C9E2-A7D4-67B0-8B29-11BFCF28651A}"
EndProject
Project("{FAE04EC0-301F-11D3-BF4B-00C04F79EFBC}") = "example.dtos", "application\dto\example.dtos\example.dtos.csproj", "{F0D71BCD-1863-46E5-856E-DC242C58C1B5}"
EndProject
Project("{FAE04EC0-301F-11D3-BF4B-00C04F79EFBC}") = "example.usecase", "application\use-case\example.usecase\example.usecase.csproj", "{46DF790D-FE5A-4831-8A31-8EEDE720A01B}"
EndProject
Project("{2150E333-8FDC-42A3-9474-1A3956D46DE8}") = "entities", "entities", "{1937F713-DA54-91D6-C834-663F3147DB79}"
EndProject
Project("{2150E333-8FDC-42A3-9474-1A3956D46DE8}") = "ports", "ports", "{C7F4272C-3C49-21A9-12A9-578FBBBA269C}"
EndProject
Project("{FAE04EC0-301F-11D3-BF4B-00C04F79EFBC}") = "example.entities", "domain\entities\example.entities\example.entities.csproj", "{9FC292B4-2C85-43ED-9376-9135EDE64627}"
EndProject
Project("{FAE04EC0-301F-11D3-BF4B-00C04F79EFBC}") = "example.ports", "domain\ports\example.ports\example.ports.csproj", "{2091E0E4-1148-4937-B5B8-68E5A7F5D1AB}"
EndProject
Project("{2150E333-8FDC-42A3-9474-1A3956D46DE8}") = "adapters", "adapters", "{1AC6073A-2F72-53CB-328A-768249EFF28F}"
EndProject
Project("{2150E333-8FDC-42A3-9474-1A3956D46DE8}") = "api", "api", "{64288B3F-57C7-FBA9-4F86-816841359A64}"
EndProject
Project("{FAE04EC0-301F-11D3-BF4B-00C04F79EFBC}") = "example.adapters", "infraestructure\adapters\example.adapters\example.adapters.csproj", "{9A7A28EF-8A88-48FF-B943-C31E4A9D7C41}"
EndProject
Project("{FAE04EC0-301F-11D3-BF4B-00C04F79EFBC}") = "example.api", "infraestructure\api\example.api\example.api.csproj", "{7B3BEBA6-BD42-4CE5-90DC-E54BBAF0751B}"
EndProject
Global
	GlobalSection(SolutionConfigurationPlatforms) = preSolution
		Debug|Any CPU = Debug|Any CPU
		Debug|x64 = Debug|x64
		Debug|x86 = Debug|x86
		Release|Any CPU = Release|Any CPU
		Release|x64 = Release|x64
		Release|x86 = Release|x86
	EndGlobalSection
	GlobalSection(ProjectConfigurationPlatforms) = postSolution
		{F0D71BCD-1863-46E5-856E-DC242C58C1B5}.Debug|Any CPU.ActiveCfg = Debug|Any CPU
		{F0D71BCD-1863-46E5-856E-DC242C58C1B5}.Debug|Any CPU.Build.0 = Debug|Any CPU
		{F0D71BCD-1863-46E5-856E-DC242C58C1B5}.Debug|x64.ActiveCfg = Debug|Any CPU
		{F0D71BCD-1863-46E5-856E-DC242C58C1B5}.Debug|x64.Build.0 = Debug|Any CPU
		{F0D71BCD-1863-46E5-856E-DC242C58C1B5}.Debug|x86.ActiveCfg = Debug|Any CPU
		{F0D71BCD-1863-46E5-856E-DC242C58C1B5}.Debug|x86.Build.0 = Debug|Any CPU
		{F0D71BCD-1863-46E5-856E-DC242C58C1B5}.Release|Any CPU.ActiveCfg = Release|Any CPU
		{F0D71BCD-1863-46E5-856E-DC242C58C1B5}.Release|Any CPU.Build.0 = Release|Any CPU
		{F0D71BCD-1863-46E5-856E-DC242C58C1B5}.Release|x64.ActiveCfg = Release|Any CPU
		{F0D71BCD-1863-46E5-856E-DC242C58C1B5}.Release|x64.Build.0 = Release|Any CPU
		{F0D71BCD-1863-46E5-856E-DC242C58C1B5}.Release|x86.ActiveCfg = Release|Any CPU
		{F0D71BCD-1863-46E5-856E-DC242C58C1B5}.Release|x86.Build.0 = Release|Any CPU
		{46DF790D-FE5A-4831-8A31-8EEDE720A01B}.Debug|Any CPU.ActiveCfg = Debug|Any CPU
		{46DF790D-FE5A-4831-8A31-8EEDE720A01B}.Debug|Any CPU.Build.0 = Debug|Any CPU
		{46DF790D-FE5A-4831-8A31-8EEDE720A01B}.Debug|x64.ActiveCfg = Debug|Any CPU
		{46DF790D-FE5A-4831-8A31-8EEDE720A01B}.Debug|x64.Build.0 = Debug|Any CPU
		{46DF790D-FE5A-4831-8A31-8EEDE720A01B}.Debug|x86.ActiveCfg = Debug|Any CPU
		{46DF790D-FE5A-4831-8A31-8EEDE720A01B}.Debug|x86.Build.0 = Debug|Any CPU
		{46DF790D-FE5A-4831-8A31-8EEDE720A01B}.Release|Any CPU.ActiveCfg = Release|Any CPU
		{46DF790D-FE5A-4831-8A31-8EEDE720A01B}.Release|Any CPU.Build.0 = Release|Any CPU
		{46DF790D-FE5A-4831-8A31-8EEDE720A01B}.Release|x64.ActiveCfg = Release|Any CPU
		{46DF790D-FE5A-4831-8A31-8EEDE720A01B}.Release|x64.Build.0 = Release|Any CPU
		{46DF790D-FE5A-4831-8A31-8EEDE720A01B}.Release|x86.ActiveCfg = Release|Any CPU
		{46DF790D-FE5A-4831-8A31-8EEDE720A01B}.Release|x86.Build.0 = Release|Any CPU
		{9FC292B4-2C85-43ED-9376-9135EDE64627}.Debug|Any CPU.ActiveCfg = Debug|Any CPU
		{9FC292B4-2C85-43ED-9376-9135EDE64627}.Debug|Any CPU.Build.0 = Debug|Any CPU
		{9FC292B4-2C85-43ED-9376-9135EDE64627}.Debug|x64.ActiveCfg = Debug|Any CPU
		{9FC292B4-2C85-43ED-9376-9135EDE64627}.Debug|x64.Build.0 = Debug|Any CPU
		{9FC292B4-2C85-43ED-9376-9135EDE64627}.Debug|x86.ActiveCfg = Debug|Any CPU
		{9FC292B4-2C85-43ED-9376-9135EDE64627}.Debug|x86.Build.0 = Debug|Any CPU
		{9FC292B4-2C85-43ED-9376-9135EDE64627}.Release|Any CPU.ActiveCfg = Release|Any CPU
		{9FC292B4-2C85-43ED-9376-9135EDE64627}.Release|Any CPU.Build.0 = Release|Any CPU
		{9FC292B4-2C85-43ED-9376-9135EDE64627}.Release|x64.ActiveCfg = Release|Any CPU
		{9FC292B4-2C85-43ED-9376-9135EDE64627}.Release|x64.Build.0 = Release|Any CPU
		{9FC292B4-2C85-43ED-9376-9135EDE64627}.Release|x86.ActiveCfg = Release|Any CPU
		{9FC292B4-2C85-43ED-9376-9135EDE64627}.Release|x86.Build.0 = Release|Any CPU
		{2091E0E4-1148-4937-B5B8-68E5A7F5D1AB}.Debug|Any CPU.ActiveCfg = Debug|Any CPU
		{2091E0E4-1148-4937-B5B8-68E5A7F5D1AB}.Debug|Any CPU.Build.0 = Debug|Any CPU
		{2091E0E4-1148-4937-B5B8-68E5A7F5D1AB}.Debug|x64.ActiveCfg = Debug|Any CPU
		{2091E0E4-1148-4937-B5B8-68E5A7F5D1AB}.Debug|x64.Build.0 = Debug|Any CPU
		{2091E0E4-1148-4937-B5B8-68E5A7F5D1AB}.Debug|x86.ActiveCfg = Debug|Any CPU
		{2091E0E4-1148-4937-B5B8-68E5A7F5D1AB}.Debug|x86.Build.0 = Debug|Any CPU
		{2091E0E4-1148-4937-B5B8-68E5A7F5D1AB}.Release|Any CPU.ActiveCfg = Release|Any CPU
		{2091E0E4-1148-4937-B5B8-68E5A7F5D1AB}.Release|Any CPU.Build.0 = Release|Any CPU
		{2091E0E4-1148-4937-B5B8-68E5A7F5D1AB}.Release|x64.ActiveCfg = Release|Any CPU
		{2091E0E4-1148-4937-B5B8-68E5A7F5D1AB}.Release|x64.Build.0 = Release|Any CPU
		{2091E0E4-1148-4937-B5B8-68E5A7F5D1AB}.Release|x86.ActiveCfg = Release|Any CPU
		{2091E0E4-1148-4937-B5B8-68E5A7F5D1AB}.Release|x86.Build.0 = Release|Any CPU
		{9A7A28EF-8A88-48FF-B943-C31E4A9D7C41}.Debug|Any CPU.ActiveCfg = Debug|Any CPU
		{9A7A28EF-8A88-48FF-B943-C31E4A9D7C41}.Debug|Any CPU.Build.0 = Debug|Any CPU
		{9A7A28EF-8A88-48FF-B943-C31E4A9D7C41}.Debug|x64.ActiveCfg = Debug|Any CPU
		{9A7A28EF-8A88-48FF-B943-C31E4A9D7C41}.Debug|x64.Build.0 = Debug|Any CPU
		{9A7A28EF-8A88-48FF-B943-C31E4A9D7C41}.Debug|x86.ActiveCfg = Debug|Any CPU
		{9A7A28EF-8A88-48FF-B943-C31E4A9D7C41}.Debug|x86.Build.0 = Debug|Any CPU
		{9A7A28EF-8A88-48FF-B943-C31E4A9D7C41}.Release|Any CPU.ActiveCfg = Release|Any CPU
		{9A7A28EF-8A88-48FF-B943-C31E4A9D7C41}.Release|Any CPU.Build.0 = Release|Any CPU
		{9A7A28EF-8A88-48FF-B943-C31E4A9D7C41}.Release|x64.ActiveCfg = Release|Any CPU
		{9A7A28EF-8A88-48FF-B943-C31E4A9D7C41}.Release|x64.Build.0 = Release|Any CPU
		{9A7A28EF-8A88-48FF-B943-C31E4A9D7C41}.Release|x86.ActiveCfg = Release|Any CPU
		{9A7A28EF-8A88-48FF-B943-C31E4A9D7C41}.Release|x86.Build.0 = Release|Any CPU
		{7B3BEBA6-BD42-4CE5-90DC-E54BBAF0751B}.Debug|Any CPU.ActiveCfg = Debug|Any CPU
		{7B3BEBA6-BD42-4CE5-90DC-E54BBAF0751B}.Debug|Any CPU.Build.0 = Debug|Any CPU
		{7B3BEBA6-BD42-4CE5-90DC-E54BBAF0751B}.Debug|x64.ActiveCfg = Debug|Any CPU
		{7B3BEBA6-BD42-4CE5-90DC-E54BBAF0751B}.Debug|x64.Build.0 = Debug|Any CPU
		{7B3BEBA6-BD42-4CE5-90DC-E54BBAF0751B}.Debug|x86.ActiveCfg = Debug|Any CPU
		{7B3BEBA6-BD42-4CE5-90DC-E54BBAF0751B}.Debug|x86.Build.0 = Debug|Any CPU
		{7B3BEBA6-BD42-4CE5-90DC-E54BBAF0751B}.Release|Any CPU.ActiveCfg = Release|Any CPU
		{7B3BEBA6-BD42-4CE5-90DC-E54BBAF0751B}.Release|Any CPU.Build.0 = Release|Any CPU
		{7B3BEBA6-BD42-4CE5-90DC-E54BBAF0751B}.Release|x64.ActiveCfg = Release|Any CPU
		{7B3BEBA6-BD42-4CE5-90DC-E54BBAF0751B}.Release|x64.Build.0 = Release|Any CPU
		{7B3BEBA6-BD42-4CE5-90DC-E54BBAF0751B}.Release|x86.ActiveCfg = Release|Any CPU
		{7B3BEBA6-BD42-4CE5-90DC-E54BBAF0751B}.Release|x86.Build.0 = Release|Any CPU
	EndGlobalSection
	GlobalSection(SolutionProperties) = preSolution
		HideSolutionNode = FALSE
	EndGlobalSection
	GlobalSection(NestedProjects) = preSolution
		{D61DF10A-4CD5-1206-F6C7-F3B8F9BD3BE3} = {A74F262E-BDE7-D5D2-89E9-785413424D0A}
		{4F66C9E2-A7D4-67B0-8B29-11BFCF28651A} = {A74F262E-BDE7-D5D2-89E9-785413424D0A}
		{F0D71BCD-1863-46E5-856E-DC242C58C1B5} = {D61DF10A-4CD5-1206-F6C7-F3B8F9BD3BE3}
		{46DF790D-FE5A-4831-8A31-8EEDE720A01B} = {4F66C9E2-A7D4-67B0-8B29-11BFCF28651A}
		{1937F713-DA54-91D6-C834-663F3147DB79} = {996CEBED-A05B-5D42-3FF0-982E087A2599}
		{C7F4272C-3C49-21A9-12A9-578FBBBA269C} = {996CEBED-A05B-5D42-3FF0-982E087A2599}
		{9FC292B4-2C85-43ED-9376-9135EDE64627} = {1937F713-DA54-91D6-C834-663F3147DB79}
		{2091E0E4-1148-4937-B5B8-68E5A7F5D1AB} = {C7F4272C-3C49-21A9-12A9-578FBBBA269C}
		{1AC6073A-2F72-53CB-328A-768249EFF28F} = {5F2D6C5E-958A-53A0-F165-1DE2881DEE8D}
		{64288B3F-57C7-FBA9-4F86-816841359A64} = {5F2D6C5E-958A-53A0-F165-1DE2881DEE8D}
		{9A7A28EF-8A88-48FF-B943-C31E4A9D7C41} = {1AC6073A-2F72-53CB-328A-768249EFF28F}
		{7B3BEBA6-BD42-4CE5-90DC-E54BBAF0751B} = {64288B3F-57C7-FBA9-4F86-816841359A64}
	EndGlobalSection
EndGlobal
